// !$*UTF8*$!
{
	archiveVersion = 1;
	classes = {
	};
	objectVersion = 50;
	objects = {

/* Begin PBXFileReference section */
		2AC59C3E2C4D0BAA0089A9A2 /* index.html */ = {isa = PBXFileReference; lastKnownFileType = text.html; path = index.html; sourceTree = "<group>"; };
		2AC59C3F2C4D0BCC0089A9A2 /* main.js */ = {isa = PBXFileReference; lastKnownFileType = sourcecode.javascript; path = main.js; sourceTree = "<group>"; };
		2AC59C402C4D0BDD0089A9A2 /* main.css */ = {isa = PBXFileReference; lastKnownFileType = text.css; path = main.css; sourceTree = "<group>"; };
		2AC59C412C4D0DE50089A9A2 /* manifest.json */ = {isa = PBXFileReference; lastKnownFileType = text.json; path = manifest.json; sourceTree = "<group>"; };
		2AC59C422C4D0DE50089A9A2 /* icon-512.png */ = {isa = PBXFileReference; lastKnownFileType = image.png; path = "icon-512.png"; sourceTree = "<group>"; };
		2AC59C432C4D3FAF0089A9A2 /* animation.js */ = {isa = PBXFileReference; lastKnownFileType = sourcecode.javascript; path = animation.js; sourceTree = "<group>"; };
		2AC59C442C4E0B190089A9A2 /* coin-sound.mp3 */ = {isa = PBXFileReference; lastKnownFileType = audio.mp3; path = "coin-sound.mp3"; sourceTree = "<group>"; };
		2AC59C452C4E0B190089A9A2 /* wallet.svg */ = {isa = PBXFileReference; lastKnownFileType = text.xml; path = wallet.svg; sourceTree = "<group>"; };
		2AC59C462C4E0B190089A9A2 /* coin-sound-long.mp3 */ = {isa = PBXFileReference; lastKnownFileType = audio.mp3; path = "coin-sound-long.mp3"; sourceTree = "<group>"; };
/* End PBXFileReference section */

/* Begin PBXGroup section */
		2AC59C372C4D0B800089A9A2 = {
			isa = PBXGroup;
			children = (
				2AC59C402C4D0BDD0089A9A2 /* main.css */,
				2AC59C3E2C4D0BAA0089A9A2 /* index.html */,
				2AC59C432C4D3FAF0089A9A2 /* animation.js */,
				2AC59C462C4E0B190089A9A2 /* coin-sound-long.mp3 */,
				2AC59C442C4E0B190089A9A2 /* coin-sound.mp3 */,
				2AC59C452C4E0B190089A9A2 /* wallet.svg */,
				2AC59C422C4D0DE50089A9A2 /* icon-512.png */,
				2AC59C412C4D0DE50089A9A2 /* manifest.json */,
				2AC59C3F2C4D0BCC0089A9A2 /* main.js */,
			);
			sourceTree = "<group>";
		};
/* End PBXGroup section */

/* Begin PBXProject section */
		2AC59C382C4D0B800089A9A2 /* Project object */ = {
			isa = PBXProject;
			attributes = {
				LastUpgradeCheck = 1000;
			};
			buildConfigurationList = 2AC59C3B2C4D0B800089A9A2 /* Build configuration list for PBXProject "ane$t" */;
			compatibilityVersion = "Xcode 9.3";
			developmentRegion = en;
			hasScannedForEncodings = 0;
			knownRegions = (
				en,
			);
			mainGroup = 2AC59C372C4D0B800089A9A2;
			projectDirPath = "";
			projectRoot = "";
			targets = (
			);
		};
/* End PBXProject section */

/* Begin XCBuildConfiguration section */
		2AC59C3C2C4D0B800089A9A2 /* Debug */ = {
			isa = XCBuildConfiguration;
			buildSettings = {
			};
			name = Debug;
		};
		2AC59C3D2C4D0B800089A9A2 /* Release */ = {
			isa = XCBuildConfiguration;
			buildSettings = {
			};
			name = Release;
		};
/* End XCBuildConfiguration section */

/* Begin XCConfigurationList section */
		2AC59C3B2C4D0B800089A9A2 /* Build configuration list for PBXProject "ane$t" */ = {
			isa = XCConfigurationList;
			buildConfigurations = (
				2AC59C3C2C4D0B800089A9A2 /* Debug */,
				2AC59C3D2C4D0B800089A9A2 /* Release */,
			);
			defaultConfigurationIsVisible = 0;
			defaultConfigurationName = Release;
		};
/* End XCConfigurationList section */
	};
	rootObject = 2AC59C382C4D0B800089A9A2 /* Project object */;
}
